
Microsoft Visual Studio Solution File, Format Version 12.00
# Visual Studio Version 16
VisualStudioVersion = 16.0.30804.86
MinimumVisualStudioVersion = 10.0.40219.1
Project("{9A19103F-16F7-4668-BE54-9A1E7A4F7556}") = "Easter", "Easter.csproj", "{B6F3B7E0-26CF-4BC7-8FD6-41F421625C67}"
EndProject
Global
	GlobalSection(SolutionConfigurationPlatforms) = preSolution
		Debug|Any CPU = Debug|Any CPU
		Release|Any CPU = Release|Any CPU
	EndGlobalSection
	GlobalSection(ProjectConfigurationPlatforms) = postSolution
		{B6F3B7E0-26CF-4BC7-8FD6-41F421625C67}.Debug|Any CPU.ActiveCfg = Debug|Any CPU
		{B6F3B7E0-26CF-4BC7-8FD6-41F421625C67}.Debug|Any CPU.Build.0 = Debug|Any CPU
		{B6F3B7E0-26CF-4BC7-8FD6-41F421625C67}.Release|Any CPU.ActiveCfg = Release|Any CPU
		{B6F3B7E0-26CF-4BC7-8FD6-41F421625C67}.Release|Any CPU.Build.0 = Release|Any CPU
	EndGlobalSection
	GlobalSection(SolutionProperties) = preSolution
		HideSolutionNode = FALSE
	EndGlobalSection
	GlobalSection(ExtensibilityGlobals) = postSolution
		SolutionGuid = {576C7FE0-18A3-4ACA-BCFE-21F8F37DD8C8}
	EndGlobalSection
EndGlobal
